
Microsoft Visual Studio Solution File, Format Version 12.00
# Visual Studio Version 17
VisualStudioVersion = 17.7.34031.279
MinimumVisualStudioVersion = 10.0.40219.1
Project("{FAE04EC0-301F-11D3-BF4B-00C04F79EFBC}") = "Intro arv", "Intro arv\Intro arv.csproj", "{BE2E1E3A-D142-454A-9880-8E3048F2E7AE}"
EndProject
Global
	GlobalSection(SolutionConfigurationPlatforms) = preSolution
		Debug|Any CPU = Debug|Any CPU
		Release|Any CPU = Release|Any CPU
	EndGlobalSection
	GlobalSection(ProjectConfigurationPlatforms) = postSolution
		{BE2E1E3A-D142-454A-9880-8E3048F2E7AE}.Debug|Any CPU.ActiveCfg = Debug|Any CPU
		{BE2E1E3A-D142-454A-9880-8E3048F2E7AE}.Debug|Any CPU.Build.0 = Debug|Any CPU
		{BE2E1E3A-D142-454A-9880-8E3048F2E7AE}.Release|Any CPU.ActiveCfg = Release|Any CPU
		{BE2E1E3A-D142-454A-9880-8E3048F2E7AE}.Release|Any CPU.Build.0 = Release|Any CPU
	EndGlobalSection
	GlobalSection(SolutionProperties) = preSolution
		HideSolutionNode = FALSE
	EndGlobalSection
	GlobalSection(ExtensibilityGlobals) = postSolution
		SolutionGuid = {EE511B65-254D-41F1-BC52-BB8D6482D9E5}
	EndGlobalSection
EndGlobal
